{
    "_meta": {
        "hash": {
            "sha256": "26188a8ef56d9ce7e30bf1c2e6668dd18782151c387fdfc3521c24c5c80af19a"
        },
        "pipfile-spec": 6,
        "requires": {
            "python_version": "3.9"
        },
        "sources": [
            {
                "name": "pypi",
                "url": "https://pypi.org/simple",
                "verify_ssl": true
            }
        ]
    },
    "default": {
        "pygments": {
            "hashes": [
                "sha256:a18f47b506a429f6f4b9df81bb02beab9ca21d0a5fee38ed15aef65f0545519f",
                "sha256:d66e804411278594d764fc69ec36ec13d9ae9147193a1740cd34d272ca383b8e"
            ],
            "index": "pypi",
            "version": "==2.9.0"
        }
    },
    "develop": {}
}
